Microsoft Visual Studio Solution File, Format Version 12.00
# Visual Studio Version 17
VisualStudioVersion = 17.5.2.0
MinimumVisualStudioVersion = 10.0.40219.1
Project("{FAE04EC0-301F-11D3-BF4B-00C04F79EFBC}") = "lab2", "lab2\lab2.csproj", "{F319D487-73D8-7112-8F5F-41EC036A539B}"
EndProject
Project("{FAE04EC0-301F-11D3-BF4B-00C04F79EFBC}") = "lab4", "lab4\lab4.csproj", "{B2AFC9B6-B883-AE0A-77C6-0B34E93D8B48}"
EndProject
Global
	GlobalSection(SolutionConfigurationPlatforms) = preSolution
		Debug|Any CPU = Debug|Any CPU
		Release|Any CPU = Release|Any CPU
	EndGlobalSection
	GlobalSection(ProjectConfigurationPlatforms) = postSolution
		{F319D487-73D8-7112-8F5F-41EC036A539B}.Debug|Any CPU.ActiveCfg = Debug|Any CPU
		{F319D487-73D8-7112-8F5F-41EC036A539B}.Debug|Any CPU.Build.0 = Debug|Any CPU
		{F319D487-73D8-7112-8F5F-41EC036A539B}.Release|Any CPU.ActiveCfg = Release|Any CPU
		{F319D487-73D8-7112-8F5F-41EC036A539B}.Release|Any CPU.Build.0 = Release|Any CPU
		{B2AFC9B6-B883-AE0A-77C6-0B34E93D8B48}.Debug|Any CPU.ActiveCfg = Debug|Any CPU
		{B2AFC9B6-B883-AE0A-77C6-0B34E93D8B48}.Debug|Any CPU.Build.0 = Debug|Any CPU
		{B2AFC9B6-B883-AE0A-77C6-0B34E93D8B48}.Release|Any CPU.ActiveCfg = Release|Any CPU
		{B2AFC9B6-B883-AE0A-77C6-0B34E93D8B48}.Release|Any CPU.Build.0 = Release|Any CPU
	EndGlobalSection
	GlobalSection(SolutionProperties) = preSolution
		HideSolutionNode = FALSE
	EndGlobalSection
	GlobalSection(ExtensibilityGlobals) = postSolution
		SolutionGuid = {E1C0892A-7B59-45A8-A935-38F418376262}
	EndGlobalSection
EndGlobal
